
Microsoft Visual Studio Solution File, Format Version 12.00
# Visual Studio Version 16
VisualStudioVersion = 16.0.32510.428
MinimumVisualStudioVersion = 10.0.40219.1
Project("{9A19103F-16F7-4668-BE54-9A1E7A4F7556}") = "WebApp", "WebApp.csproj", "{51B23834-62FB-4558-B47B-F32A97F1EF4C}"
EndProject
Global
	GlobalSection(SolutionConfigurationPlatforms) = preSolution
		Debug|Any CPU = Debug|Any CPU
		Release|Any CPU = Release|Any CPU
	EndGlobalSection
	GlobalSection(ProjectConfigurationPlatforms) = postSolution
		{51B23834-62FB-4558-B47B-F32A97F1EF4C}.Debug|Any CPU.ActiveCfg = Debug|Any CPU
		{51B23834-62FB-4558-B47B-F32A97F1EF4C}.Debug|Any CPU.Build.0 = Debug|Any CPU
		{51B23834-62FB-4558-B47B-F32A97F1EF4C}.Release|Any CPU.ActiveCfg = Release|Any CPU
		{51B23834-62FB-4558-B47B-F32A97F1EF4C}.Release|Any CPU.Build.0 = Release|Any CPU
	EndGlobalSection
	GlobalSection(SolutionProperties) = preSolution
		HideSolutionNode = FALSE
	EndGlobalSection
	GlobalSection(ExtensibilityGlobals) = postSolution
		SolutionGuid = {9D3EB4CE-0CD6-4FD4-A109-D0D008EA948C}
	EndGlobalSection
EndGlobal
